
Microsoft Visual Studio Solution File, Format Version 12.00
# Visual Studio Version 16
VisualStudioVersion = 16.0.29318.209
MinimumVisualStudioVersion = 10.0.40219.1
Project("{FAE04EC0-301F-11D3-BF4B-00C04F79EFBC}") = "App1", "App1.csproj", "{18674AA6-2D75-426A-B922-DC05D2605405}"
EndProject
Global
	GlobalSection(SolutionConfigurationPlatforms) = preSolution
		Debug|iPhone = Debug|iPhone
		Debug|iPhoneSimulator = Debug|iPhoneSimulator
		Release|iPhone = Release|iPhone
		Release|iPhoneSimulator = Release|iPhoneSimulator
	EndGlobalSection
	GlobalSection(ProjectConfigurationPlatforms) = postSolution
		{18674AA6-2D75-426A-B922-DC05D2605405}.Debug|iPhone.ActiveCfg = Debug|iPhone
		{18674AA6-2D75-426A-B922-DC05D2605405}.Debug|iPhone.Build.0 = Debug|iPhone
		{18674AA6-2D75-426A-B922-DC05D2605405}.Debug|iPhone.Deploy.0 = Debug|iPhone
		{18674AA6-2D75-426A-B922-DC05D2605405}.Debug|iPhoneSimulator.ActiveCfg = Debug|iPhoneSimulator
		{18674AA6-2D75-426A-B922-DC05D2605405}.Debug|iPhoneSimulator.Build.0 = Debug|iPhoneSimulator
		{18674AA6-2D75-426A-B922-DC05D2605405}.Debug|iPhoneSimulator.Deploy.0 = Debug|iPhoneSimulator
		{18674AA6-2D75-426A-B922-DC05D2605405}.Release|iPhone.ActiveCfg = Release|iPhone
		{18674AA6-2D75-426A-B922-DC05D2605405}.Release|iPhone.Build.0 = Release|iPhone
		{18674AA6-2D75-426A-B922-DC05D2605405}.Release|iPhone.Deploy.0 = Release|iPhone
		{18674AA6-2D75-426A-B922-DC05D2605405}.Release|iPhoneSimulator.ActiveCfg = Release|iPhoneSimulator
		{18674AA6-2D75-426A-B922-DC05D2605405}.Release|iPhoneSimulator.Build.0 = Release|iPhoneSimulator
		{18674AA6-2D75-426A-B922-DC05D2605405}.Release|iPhoneSimulator.Deploy.0 = Release|iPhoneSimulator
	EndGlobalSection
	GlobalSection(SolutionProperties) = preSolution
		HideSolutionNode = FALSE
	EndGlobalSection
	GlobalSection(ExtensibilityGlobals) = postSolution
		SolutionGuid = {3C16ED7A-3144-464C-BB73-44A49DF9E926}
	EndGlobalSection
EndGlobal
